
Microsoft Visual Studio Solution File, Format Version 11.00
# Visual Studio 2010
Project("{FAE04EC0-301F-11D3-BF4B-00C04F79EFBC}") = "PTW_Load", "PTW_Load\PTW_Load.csproj", "{07ECA981-2F5E-4DF9-B36D-D33FC30280BF}"
EndProject
Project("{8BC9CEB8-8B4A-11D0-8D11-00A0C91BC942}") = "CalcLib", "CalcLib\CalcLib.vcxproj", "{A8EAFFE7-2041-4A7B-9577-B5D195A4435F}"
EndProject
Global
	GlobalSection(SolutionConfigurationPlatforms) = preSolution
		Debug|Mixed Platforms = Debug|Mixed Platforms
		Debug|Win32 = Debug|Win32
		Debug|x86 = Debug|x86
		Release|Mixed Platforms = Release|Mixed Platforms
		Release|Win32 = Release|Win32
		Release|x86 = Release|x86
	EndGlobalSection
	GlobalSection(ProjectConfigurationPlatforms) = postSolution
		{07ECA981-2F5E-4DF9-B36D-D33FC30280BF}.Debug|Mixed Platforms.ActiveCfg = Debug|x86
		{07ECA981-2F5E-4DF9-B36D-D33FC30280BF}.Debug|Mixed Platforms.Build.0 = Debug|x86
		{07ECA981-2F5E-4DF9-B36D-D33FC30280BF}.Debug|Win32.ActiveCfg = Debug|x86
		{07ECA981-2F5E-4DF9-B36D-D33FC30280BF}.Debug|x86.ActiveCfg = Debug|x86
		{07ECA981-2F5E-4DF9-B36D-D33FC30280BF}.Debug|x86.Build.0 = Debug|x86
		{07ECA981-2F5E-4DF9-B36D-D33FC30280BF}.Release|Mixed Platforms.ActiveCfg = Release|x86
		{07ECA981-2F5E-4DF9-B36D-D33FC30280BF}.Release|Mixed Platforms.Build.0 = Release|x86
		{07ECA981-2F5E-4DF9-B36D-D33FC30280BF}.Release|Win32.ActiveCfg = Release|x86
		{07ECA981-2F5E-4DF9-B36D-D33FC30280BF}.Release|x86.ActiveCfg = Release|x86
		{07ECA981-2F5E-4DF9-B36D-D33FC30280BF}.Release|x86.Build.0 = Release|x86
		{A8EAFFE7-2041-4A7B-9577-B5D195A4435F}.Debug|Mixed Platforms.ActiveCfg = Debug|Win32
		{A8EAFFE7-2041-4A7B-9577-B5D195A4435F}.Debug|Mixed Platforms.Build.0 = Debug|Win32
		{A8EAFFE7-2041-4A7B-9577-B5D195A4435F}.Debug|Win32.ActiveCfg = Debug|Win32
		{A8EAFFE7-2041-4A7B-9577-B5D195A4435F}.Debug|Win32.Build.0 = Debug|Win32
		{A8EAFFE7-2041-4A7B-9577-B5D195A4435F}.Debug|x86.ActiveCfg = Debug|Win32
		{A8EAFFE7-2041-4A7B-9577-B5D195A4435F}.Release|Mixed Platforms.ActiveCfg = Release|Win32
		{A8EAFFE7-2041-4A7B-9577-B5D195A4435F}.Release|Mixed Platforms.Build.0 = Release|Win32
		{A8EAFFE7-2041-4A7B-9577-B5D195A4435F}.Release|Win32.ActiveCfg = Release|Win32
		{A8EAFFE7-2041-4A7B-9577-B5D195A4435F}.Release|Win32.Build.0 = Release|Win32
		{A8EAFFE7-2041-4A7B-9577-B5D195A4435F}.Release|x86.ActiveCfg = Release|Win32
	EndGlobalSection
	GlobalSection(SolutionProperties) = preSolution
		HideSolutionNode = FALSE
	EndGlobalSection
EndGlobal
